
Microsoft Visual Studio Solution File, Format Version 12.00
# Visual Studio Version 17
VisualStudioVersion = 17.5.33414.496
MinimumVisualStudioVersion = 10.0.40219.1
Project("{FAE04EC0-301F-11D3-BF4B-00C04F79EFBC}") = "TravelTripProject", "TravelTripProject.csproj", "{24912835-9148-4977-B1B2-CCF8F850E92F}"
EndProject
Global
	GlobalSection(SolutionConfigurationPlatforms) = preSolution
		Debug|Any CPU = Debug|Any CPU
		Release|Any CPU = Release|Any CPU
	EndGlobalSection
	GlobalSection(ProjectConfigurationPlatforms) = postSolution
		{24912835-9148-4977-B1B2-CCF8F850E92F}.Debug|Any CPU.ActiveCfg = Debug|Any CPU
		{24912835-9148-4977-B1B2-CCF8F850E92F}.Debug|Any CPU.Build.0 = Debug|Any CPU
		{24912835-9148-4977-B1B2-CCF8F850E92F}.Release|Any CPU.ActiveCfg = Release|Any CPU
		{24912835-9148-4977-B1B2-CCF8F850E92F}.Release|Any CPU.Build.0 = Release|Any CPU
	EndGlobalSection
	GlobalSection(SolutionProperties) = preSolution
		HideSolutionNode = FALSE
	EndGlobalSection
	GlobalSection(ExtensibilityGlobals) = postSolution
		SolutionGuid = {5FA1E14A-2C49-4560-8EF2-B2B8E9048749}
	EndGlobalSection
EndGlobal
